
Microsoft Visual Studio Solution File, Format Version 12.00
# Visual Studio Version 17
VisualStudioVersion = 17.4.33110.190
MinimumVisualStudioVersion = 10.0.40219.1
Project("{FAE04EC0-301F-11D3-BF4B-00C04F79EFBC}") = "Ejercicio 4", "Ejercicio 4.csproj", "{F76420B9-1530-4178-9320-8FC99229D5A6}"
EndProject
Global
	GlobalSection(SolutionConfigurationPlatforms) = preSolution
		Debug|Any CPU = Debug|Any CPU
		Release|Any CPU = Release|Any CPU
	EndGlobalSection
	GlobalSection(ProjectConfigurationPlatforms) = postSolution
		{F76420B9-1530-4178-9320-8FC99229D5A6}.Debug|Any CPU.ActiveCfg = Debug|Any CPU
		{F76420B9-1530-4178-9320-8FC99229D5A6}.Debug|Any CPU.Build.0 = Debug|Any CPU
		{F76420B9-1530-4178-9320-8FC99229D5A6}.Release|Any CPU.ActiveCfg = Release|Any CPU
		{F76420B9-1530-4178-9320-8FC99229D5A6}.Release|Any CPU.Build.0 = Release|Any CPU
	EndGlobalSection
	GlobalSection(SolutionProperties) = preSolution
		HideSolutionNode = FALSE
	EndGlobalSection
	GlobalSection(ExtensibilityGlobals) = postSolution
		SolutionGuid = {E10007FA-6793-405B-AEBB-1F165128BD60}
	EndGlobalSection
EndGlobal
