
Microsoft Visual Studio Solution File, Format Version 12.00
# Visual Studio Version 17
VisualStudioVersion = 17.4.33110.190
MinimumVisualStudioVersion = 10.0.40219.1
Project("{FAE04EC0-301F-11D3-BF4B-00C04F79EFBC}") = "Ejercicio 3", "Ejercicio 3.csproj", "{AB63D96B-7511-4BD6-9246-94BB975CAE91}"
EndProject
Global
	GlobalSection(SolutionConfigurationPlatforms) = preSolution
		Debug|Any CPU = Debug|Any CPU
		Release|Any CPU = Release|Any CPU
	EndGlobalSection
	GlobalSection(ProjectConfigurationPlatforms) = postSolution
		{AB63D96B-7511-4BD6-9246-94BB975CAE91}.Debug|Any CPU.ActiveCfg = Debug|Any CPU
		{AB63D96B-7511-4BD6-9246-94BB975CAE91}.Debug|Any CPU.Build.0 = Debug|Any CPU
		{AB63D96B-7511-4BD6-9246-94BB975CAE91}.Release|Any CPU.ActiveCfg = Release|Any CPU
		{AB63D96B-7511-4BD6-9246-94BB975CAE91}.Release|Any CPU.Build.0 = Release|Any CPU
	EndGlobalSection
	GlobalSection(SolutionProperties) = preSolution
		HideSolutionNode = FALSE
	EndGlobalSection
	GlobalSection(ExtensibilityGlobals) = postSolution
		SolutionGuid = {35E0C6E4-9075-40ED-A27A-68244048252C}
	EndGlobalSection
EndGlobal
